
Microsoft Visual Studio Solution File, Format Version 12.00
# Visual Studio Version 17
VisualStudioVersion = 17.9.34902.65
MinimumVisualStudioVersion = 10.0.40219.1
Project("{8BC9CEB8-8B4A-11D0-8D11-00A0C91BC942}") = "Engine", "Engine\Engine.vcxproj", "{3F2DB024-6099-455F-A66E-86746317153B}"
EndProject
Project("{8BC9CEB8-8B4A-11D0-8D11-00A0C91BC942}") = "Sandbox", "Sandbox\Sandbox.vcxproj", "{A08C7BCD-71F2-4879-879A-F9C0D358F7D9}"
EndProject
Global
	GlobalSection(SolutionConfigurationPlatforms) = preSolution
		Debug|x64 = Debug|x64
		Release|x64 = Release|x64
	EndGlobalSection
	GlobalSection(ProjectConfigurationPlatforms) = postSolution
		{3F2DB024-6099-455F-A66E-86746317153B}.Debug|x64.ActiveCfg = Debug|x64
		{3F2DB024-6099-455F-A66E-86746317153B}.Debug|x64.Build.0 = Debug|x64
		{3F2DB024-6099-455F-A66E-86746317153B}.Release|x64.ActiveCfg = Release|x64
		{3F2DB024-6099-455F-A66E-86746317153B}.Release|x64.Build.0 = Release|x64
		{A08C7BCD-71F2-4879-879A-F9C0D358F7D9}.Debug|x64.ActiveCfg = Debug|x64
		{A08C7BCD-71F2-4879-879A-F9C0D358F7D9}.Debug|x64.Build.0 = Debug|x64
		{A08C7BCD-71F2-4879-879A-F9C0D358F7D9}.Release|x64.ActiveCfg = Release|x64
		{A08C7BCD-71F2-4879-879A-F9C0D358F7D9}.Release|x64.Build.0 = Release|x64
	EndGlobalSection
	GlobalSection(SolutionProperties) = preSolution
		HideSolutionNode = FALSE
	EndGlobalSection
	GlobalSection(ExtensibilityGlobals) = postSolution
		SolutionGuid = {3331DFFB-5478-45F6-BAC7-CDCC5A78FCB0}
	EndGlobalSection
EndGlobal
